
Microsoft Visual Studio Solution File, Format Version 12.00
# Visual Studio Version 17
VisualStudioVersion = 17.9.34902.65
MinimumVisualStudioVersion = 10.0.40219.1
Project("{FAE04EC0-301F-11D3-BF4B-00C04F79EFBC}") = "HCL_DbFirst", "HCL_DbFirst\HCL_DbFirst.csproj", "{66CA366E-B921-483E-874D-F14434F1B2C0}"
EndProject
Project("{FAE04EC0-301F-11D3-BF4B-00C04F79EFBC}") = "HCL_DbFirst.BusinessEntities", "HCL_DbFirst.BusinessEntities\HCL_DbFirst.BusinessEntities.csproj", "{8871BAC5-4B9D-43B8-A116-79AD9DAB02B1}"
EndProject
Project("{FAE04EC0-301F-11D3-BF4B-00C04F79EFBC}") = "HCL_DbFirst.DatabaseLogic", "HCL_DbFirst.DatabaseLogic\HCL_DbFirst.DatabaseLogic.csproj", "{11EDCA2B-AD11-4078-9310-9C9D52C4E17B}"
EndProject
Project("{FAE04EC0-301F-11D3-BF4B-00C04F79EFBC}") = "HCL_DbFirst.RepositoryLayer", "HCL_DbFirst.RepositoryLayer\HCL_DbFirst.RepositoryLayer.csproj", "{B6805A8F-702D-4072-9435-932EFE16D662}"
EndProject
Project("{FAE04EC0-301F-11D3-BF4B-00C04F79EFBC}") = "HCL_DbFirst.ServiceLayer", "HCL_DbFirst.ServiceLayer\HCL_DbFirst.ServiceLayer.csproj", "{9DC0FB6A-06F0-456E-B1D2-C6A7F52D6198}"
EndProject
Global
	GlobalSection(SolutionConfigurationPlatforms) = preSolution
		Debug|Any CPU = Debug|Any CPU
		Release|Any CPU = Release|Any CPU
	EndGlobalSection
	GlobalSection(ProjectConfigurationPlatforms) = postSolution
		{66CA366E-B921-483E-874D-F14434F1B2C0}.Debug|Any CPU.ActiveCfg = Debug|Any CPU
		{66CA366E-B921-483E-874D-F14434F1B2C0}.Debug|Any CPU.Build.0 = Debug|Any CPU
		{66CA366E-B921-483E-874D-F14434F1B2C0}.Release|Any CPU.ActiveCfg = Release|Any CPU
		{66CA366E-B921-483E-874D-F14434F1B2C0}.Release|Any CPU.Build.0 = Release|Any CPU
		{8871BAC5-4B9D-43B8-A116-79AD9DAB02B1}.Debug|Any CPU.ActiveCfg = Debug|Any CPU
		{8871BAC5-4B9D-43B8-A116-79AD9DAB02B1}.Debug|Any CPU.Build.0 = Debug|Any CPU
		{8871BAC5-4B9D-43B8-A116-79AD9DAB02B1}.Release|Any CPU.ActiveCfg = Release|Any CPU
		{8871BAC5-4B9D-43B8-A116-79AD9DAB02B1}.Release|Any CPU.Build.0 = Release|Any CPU
		{11EDCA2B-AD11-4078-9310-9C9D52C4E17B}.Debug|Any CPU.ActiveCfg = Debug|Any CPU
		{11EDCA2B-AD11-4078-9310-9C9D52C4E17B}.Debug|Any CPU.Build.0 = Debug|Any CPU
		{11EDCA2B-AD11-4078-9310-9C9D52C4E17B}.Release|Any CPU.ActiveCfg = Release|Any CPU
		{11EDCA2B-AD11-4078-9310-9C9D52C4E17B}.Release|Any CPU.Build.0 = Release|Any CPU
		{B6805A8F-702D-4072-9435-932EFE16D662}.Debug|Any CPU.ActiveCfg = Debug|Any CPU
		{B6805A8F-702D-4072-9435-932EFE16D662}.Debug|Any CPU.Build.0 = Debug|Any CPU
		{B6805A8F-702D-4072-9435-932EFE16D662}.Release|Any CPU.ActiveCfg = Release|Any CPU
		{B6805A8F-702D-4072-9435-932EFE16D662}.Release|Any CPU.Build.0 = Release|Any CPU
		{9DC0FB6A-06F0-456E-B1D2-C6A7F52D6198}.Debug|Any CPU.ActiveCfg = Debug|Any CPU
		{9DC0FB6A-06F0-456E-B1D2-C6A7F52D6198}.Debug|Any CPU.Build.0 = Debug|Any CPU
		{9DC0FB6A-06F0-456E-B1D2-C6A7F52D6198}.Release|Any CPU.ActiveCfg = Release|Any CPU
		{9DC0FB6A-06F0-456E-B1D2-C6A7F52D6198}.Release|Any CPU.Build.0 = Release|Any CPU
	EndGlobalSection
	GlobalSection(SolutionProperties) = preSolution
		HideSolutionNode = FALSE
	EndGlobalSection
	GlobalSection(ExtensibilityGlobals) = postSolution
		SolutionGuid = {492AB3BA-47C7-4A67-9B36-F7855289B9EB}
	EndGlobalSection
EndGlobal
